// !$*UTF8*$!
{
	archiveVersion = 1;
	classes = {
	};
	objectVersion = 56;
	objects = {

/* Begin PBXBuildFile section */
		A100000000000001 /* LookAwayApp.swift in Sources */ = {isa = PBXBuildFile; fileRef = A200000000000001 /* LookAwayApp.swift */; };
		A100000000000002 /* Config.swift in Sources */ = {isa = PBXBuildFile; fileRef = A200000000000002 /* Config.swift */; };
		A100000000000011 /* BreakStats.swift in Sources */ = {isa = PBXBuildFile; fileRef = A200000000000011 /* BreakStats.swift */; };
		A100000000000012 /* MenuBarWindowDismisser.swift in Sources */ = {isa = PBXBuildFile; fileRef = A200000000000012 /* MenuBarWindowDismisser.swift */; };
		A100000000000016 /* MenuBarWindowBackground.swift in Sources */ = {isa = PBXBuildFile; fileRef = A200000000000016 /* MenuBarWindowBackground.swift */; };
		A100000000000013 /* BreakInputShield.swift in Sources */ = {isa = PBXBuildFile; fileRef = A200000000000013 /* BreakInputShield.swift */; };
		A100000000000003 /* ConfigManager.swift in Sources */ = {isa = PBXBuildFile; fileRef = A200000000000003 /* ConfigManager.swift */; };
		A100000000000004 /* TimerEngine.swift in Sources */ = {isa = PBXBuildFile; fileRef = A200000000000004 /* TimerEngine.swift */; };
		A100000000000005 /* MicrophoneMonitor.swift in Sources */ = {isa = PBXBuildFile; fileRef = A200000000000005 /* MicrophoneMonitor.swift */; };
		A100000000000014 /* NotificationHandler.swift in Sources */ = {isa = PBXBuildFile; fileRef = A200000000000014 /* NotificationHandler.swift */; };
		A100000000000006 /* SleepWakeMonitor.swift in Sources */ = {isa = PBXBuildFile; fileRef = A200000000000006 /* SleepWakeMonitor.swift */; };
		A100000000000007 /* LaunchAtLoginManager.swift in Sources */ = {isa = PBXBuildFile; fileRef = A200000000000007 /* LaunchAtLoginManager.swift */; };
		A100000000000008 /* MenuBarView.swift in Sources */ = {isa = PBXBuildFile; fileRef = A200000000000008 /* MenuBarView.swift */; };
		A100000000000009 /* BreakOverlayView.swift in Sources */ = {isa = PBXBuildFile; fileRef = A200000000000009 /* BreakOverlayView.swift */; };
		A10000000000000A /* BreakOverlayController.swift in Sources */ = {isa = PBXBuildFile; fileRef = A20000000000000A /* BreakOverlayController.swift */; };
		A10000000000000E /* MenuControls.swift in Sources */ = {isa = PBXBuildFile; fileRef = A200000000000010 /* MenuControls.swift */; };
		A10000000000000C /* GlassStyles.swift in Sources */ = {isa = PBXBuildFile; fileRef = A20000000000000E /* GlassStyles.swift */; };
		A100000000000015 /* LookAwayDesign.swift in Sources */ = {isa = PBXBuildFile; fileRef = A200000000000015 /* LookAwayDesign.swift */; };
/* End PBXBuildFile section */

/* Begin PBXFileReference section */
		A200000000000001 /* LookAwayApp.swift */ = {isa = PBXFileReference; lastKnownFileType = sourcecode.swift; path = LookAwayApp.swift; sourceTree = "<group>"; };
		A200000000000002 /* Config.swift */ = {isa = PBXFileReference; lastKnownFileType = sourcecode.swift; path = Config.swift; sourceTree = "<group>"; };
		A200000000000011 /* BreakStats.swift */ = {isa = PBXFileReference; lastKnownFileType = sourcecode.swift; path = BreakStats.swift; sourceTree = "<group>"; };
		A200000000000012 /* MenuBarWindowDismisser.swift */ = {isa = PBXFileReference; lastKnownFileType = sourcecode.swift; path = MenuBarWindowDismisser.swift; sourceTree = "<group>"; };
		A200000000000016 /* MenuBarWindowBackground.swift */ = {isa = PBXFileReference; lastKnownFileType = sourcecode.swift; path = MenuBarWindowBackground.swift; sourceTree = "<group>"; };
		A200000000000013 /* BreakInputShield.swift */ = {isa = PBXFileReference; lastKnownFileType = sourcecode.swift; path = BreakInputShield.swift; sourceTree = "<group>"; };
		A200000000000003 /* ConfigManager.swift */ = {isa = PBXFileReference; lastKnownFileType = sourcecode.swift; path = ConfigManager.swift; sourceTree = "<group>"; };
		A200000000000004 /* TimerEngine.swift */ = {isa = PBXFileReference; lastKnownFileType = sourcecode.swift; path = TimerEngine.swift; sourceTree = "<group>"; };
		A200000000000005 /* MicrophoneMonitor.swift */ = {isa = PBXFileReference; lastKnownFileType = sourcecode.swift; path = MicrophoneMonitor.swift; sourceTree = "<group>"; };
		A200000000000014 /* NotificationHandler.swift */ = {isa = PBXFileReference; lastKnownFileType = sourcecode.swift; path = NotificationHandler.swift; sourceTree = "<group>"; };
		A200000000000006 /* SleepWakeMonitor.swift */ = {isa = PBXFileReference; lastKnownFileType = sourcecode.swift; path = SleepWakeMonitor.swift; sourceTree = "<group>"; };
		A200000000000007 /* LaunchAtLoginManager.swift */ = {isa = PBXFileReference; lastKnownFileType = sourcecode.swift; path = LaunchAtLoginManager.swift; sourceTree = "<group>"; };
		A200000000000008 /* MenuBarView.swift */ = {isa = PBXFileReference; lastKnownFileType = sourcecode.swift; path = MenuBarView.swift; sourceTree = "<group>"; };
		A200000000000009 /* BreakOverlayView.swift */ = {isa = PBXFileReference; lastKnownFileType = sourcecode.swift; path = BreakOverlayView.swift; sourceTree = "<group>"; };
		A20000000000000A /* BreakOverlayController.swift */ = {isa = PBXFileReference; lastKnownFileType = sourcecode.swift; path = BreakOverlayController.swift; sourceTree = "<group>"; };
		A20000000000000B /* Info.plist */ = {isa = PBXFileReference; lastKnownFileType = text.plist.xml; path = Info.plist; sourceTree = "<group>"; };
		A200000000000010 /* MenuControls.swift */ = {isa = PBXFileReference; lastKnownFileType = sourcecode.swift; path = MenuControls.swift; sourceTree = "<group>"; };
		A20000000000000E /* GlassStyles.swift */ = {isa = PBXFileReference; lastKnownFileType = sourcecode.swift; path = GlassStyles.swift; sourceTree = "<group>"; };
		A200000000000015 /* LookAwayDesign.swift */ = {isa = PBXFileReference; lastKnownFileType = sourcecode.swift; path = LookAwayDesign.swift; sourceTree = "<group>"; };
		A20000000000000C /* LookAway.app */ = {isa = PBXFileReference; explicitFileType = wrapper.application; includeInIndex = 0; path = LookAway.app; sourceTree = BUILT_PRODUCTS_DIR; };
/* End PBXFileReference section */

/* Begin PBXFrameworksBuildPhase section */
		A300000000000001 /* Frameworks */ = {
			isa = PBXFrameworksBuildPhase;
			buildActionMask = 2147483647;
			files = (
			);
			runOnlyForDeploymentPostprocessing = 0;
		};
/* End PBXFrameworksBuildPhase section */

/* Begin PBXGroup section */
		A400000000000001 = {
			isa = PBXGroup;
			children = (
				A400000000000002 /* LookAway */,
				A400000000000003 /* Products */,
			);
			sourceTree = "<group>";
		};
		A400000000000002 /* LookAway */ = {
			isa = PBXGroup;
			children = (
				A200000000000001 /* LookAwayApp.swift */,
				A400000000000004 /* Models */,
				A400000000000005 /* Services */,
				A400000000000006 /* Views */,
				A400000000000007 /* Controllers */,
				A20000000000000B /* Info.plist */,
			);
			path = LookAway;
			sourceTree = "<group>";
		};
		A400000000000003 /* Products */ = {
			isa = PBXGroup;
			children = (
				A20000000000000C /* LookAway.app */,
			);
			name = Products;
			sourceTree = "<group>";
		};
		A400000000000004 /* Models */ = {
			isa = PBXGroup;
			children = (
				A200000000000002 /* Config.swift */,
				A200000000000011 /* BreakStats.swift */,
			);
			path = Models;
			sourceTree = "<group>";
		};
		A400000000000005 /* Services */ = {
			isa = PBXGroup;
			children = (
				A200000000000003 /* ConfigManager.swift */,
				A200000000000004 /* TimerEngine.swift */,
				A200000000000014 /* NotificationHandler.swift */,
				A200000000000005 /* MicrophoneMonitor.swift */,
				A200000000000006 /* SleepWakeMonitor.swift */,
				A200000000000012 /* MenuBarWindowDismisser.swift */,
				A200000000000016 /* MenuBarWindowBackground.swift */,
				A200000000000013 /* BreakInputShield.swift */,
				A200000000000007 /* LaunchAtLoginManager.swift */,
			);
			path = Services;
			sourceTree = "<group>";
		};
		A400000000000006 /* Views */ = {
			isa = PBXGroup;
			children = (
				A200000000000008 /* MenuBarView.swift */,
				A200000000000010 /* MenuControls.swift */,
				A20000000000000E /* GlassStyles.swift */,
				A200000000000015 /* LookAwayDesign.swift */,
				A200000000000009 /* BreakOverlayView.swift */,
			);
			path = Views;
			sourceTree = "<group>";
		};
		A400000000000007 /* Controllers */ = {
			isa = PBXGroup;
			children = (
				A20000000000000A /* BreakOverlayController.swift */,
			);
			path = Controllers;
			sourceTree = "<group>";
		};
/* End PBXGroup section */

/* Begin PBXNativeTarget section */
		A500000000000001 /* LookAway */ = {
			isa = PBXNativeTarget;
			buildConfigurationList = A600000000000003 /* Build configuration list for PBXNativeTarget "LookAway" */;
			buildPhases = (
				A500000000000002 /* Sources */,
				A300000000000001 /* Frameworks */,
			);
			buildRules = (
			);
			dependencies = (
			);
			name = LookAway;
			productName = LookAway;
			productReference = A20000000000000C /* LookAway.app */;
			productType = "com.apple.product-type.application";
		};
/* End PBXNativeTarget section */

/* Begin PBXProject section */
		A700000000000001 /* Project object */ = {
			isa = PBXProject;
			attributes = {
				BuildIndependentTargetsInParallel = 1;
				LastSwiftUpdateCheck = 1500;
				LastUpgradeCheck = 1500;
				TargetAttributes = {
					A500000000000001 = {
						CreatedOnToolsVersion = 15.0;
					};
				};
			};
			buildConfigurationList = A600000000000001 /* Build configuration list for PBXProject "LookAway" */;
			compatibilityVersion = "Xcode 14.0";
			developmentRegion = en;
			hasScannedForEncodings = 0;
			knownRegions = (
				en,
				Base,
			);
			mainGroup = A400000000000001;
			productRefGroup = A400000000000003 /* Products */;
			projectDirPath = "";
			projectRoot = "";
			targets = (
				A500000000000001 /* LookAway */,
			);
		};
/* End PBXProject section */

/* Begin PBXSourcesBuildPhase section */
		A500000000000002 /* Sources */ = {
			isa = PBXSourcesBuildPhase;
			buildActionMask = 2147483647;
			files = (
				A100000000000001 /* LookAwayApp.swift in Sources */,
				A100000000000002 /* Config.swift in Sources */,
				A100000000000011 /* BreakStats.swift in Sources */,
				A100000000000012 /* MenuBarWindowDismisser.swift in Sources */,
				A100000000000016 /* MenuBarWindowBackground.swift in Sources */,
				A100000000000013 /* BreakInputShield.swift in Sources */,
				A100000000000003 /* ConfigManager.swift in Sources */,
				A100000000000004 /* TimerEngine.swift in Sources */,
				A100000000000014 /* NotificationHandler.swift in Sources */,
				A100000000000005 /* MicrophoneMonitor.swift in Sources */,
				A100000000000006 /* SleepWakeMonitor.swift in Sources */,
				A100000000000007 /* LaunchAtLoginManager.swift in Sources */,
				A100000000000008 /* MenuBarView.swift in Sources */,
				A100000000000009 /* BreakOverlayView.swift in Sources */,
				A10000000000000A /* BreakOverlayController.swift in Sources */,
				A10000000000000C /* GlassStyles.swift in Sources */,
				A10000000000000E /* MenuControls.swift in Sources */,
				A100000000000015 /* LookAwayDesign.swift in Sources */,
			);
			runOnlyForDeploymentPostprocessing = 0;
		};
/* End PBXSourcesBuildPhase section */

/* Begin XCBuildConfiguration section */
		A800000000000001 /* Debug */ = {
			isa = XCBuildConfiguration;
			buildSettings = {
				ALWAYS_SEARCH_USER_PATHS = NO;
				CLANG_ENABLE_MODULES = YES;
				COPY_PHASE_STRIP = NO;
				DEBUG_INFORMATION_FORMAT = dwarf;
				GCC_DYNAMIC_NO_PIC = NO;
				GCC_OPTIMIZATION_LEVEL = 0;
				MACOSX_DEPLOYMENT_TARGET = 14.0;
				ONLY_ACTIVE_ARCH = YES;
				SDKROOT = macosx;
				SWIFT_ACTIVE_COMPILATION_CONDITIONS = DEBUG;
				SWIFT_OPTIMIZATION_LEVEL = "-Onone";
			};
			name = Debug;
		};
		A800000000000002 /* Release */ = {
			isa = XCBuildConfiguration;
			buildSettings = {
				ALWAYS_SEARCH_USER_PATHS = NO;
				CLANG_ENABLE_MODULES = YES;
				COPY_PHASE_STRIP = NO;
				DEBUG_INFORMATION_FORMAT = "dwarf-with-dsym";
				MACOSX_DEPLOYMENT_TARGET = 14.0;
				SDKROOT = macosx;
				SWIFT_COMPILATION_MODE = wholemodule;
			};
			name = Release;
		};
		A800000000000003 /* Debug */ = {
			isa = XCBuildConfiguration;
			buildSettings = {
				CODE_SIGN_STYLE = Automatic;
				CURRENT_PROJECT_VERSION = 1;
				DEVELOPMENT_TEAM = "";
				GENERATE_INFOPLIST_FILE = NO;
				INFOPLIST_FILE = LookAway/Info.plist;
				INFOPLIST_KEY_LSApplicationCategoryType = "public.app-category.productivity";
				INFOPLIST_KEY_NSHumanReadableCopyright = "";
				LD_RUNPATH_SEARCH_PATHS = (
					"$(inherited)",
					"@executable_path/../Frameworks",
				);
				MARKETING_VERSION = 1.1.0;
				PRODUCT_BUNDLE_IDENTIFIER = io.github.dvdcarlomagno.lookaway;
				PRODUCT_NAME = "$(TARGET_NAME)";
				SWIFT_EMIT_LOC_STRINGS = YES;
				SWIFT_VERSION = 5.0;
			};
			name = Debug;
		};
		A800000000000004 /* Release */ = {
			isa = XCBuildConfiguration;
			buildSettings = {
				CODE_SIGN_STYLE = Automatic;
				CURRENT_PROJECT_VERSION = 1;
				DEVELOPMENT_TEAM = "";
				GENERATE_INFOPLIST_FILE = NO;
				INFOPLIST_FILE = LookAway/Info.plist;
				INFOPLIST_KEY_LSApplicationCategoryType = "public.app-category.productivity";
				INFOPLIST_KEY_NSHumanReadableCopyright = "";
				LD_RUNPATH_SEARCH_PATHS = (
					"$(inherited)",
					"@executable_path/../Frameworks",
				);
				MARKETING_VERSION = 1.1.0;
				PRODUCT_BUNDLE_IDENTIFIER = io.github.dvdcarlomagno.lookaway;
				PRODUCT_NAME = "$(TARGET_NAME)";
				SWIFT_EMIT_LOC_STRINGS = YES;
				SWIFT_VERSION = 5.0;
			};
			name = Release;
		};
/* End XCBuildConfiguration section */

/* Begin XCConfigurationList section */
		A600000000000001 /* Build configuration list for PBXProject "LookAway" */ = {
			isa = XCConfigurationList;
			buildConfigurations = (
				A800000000000001 /* Debug */,
				A800000000000002 /* Release */,
			);
			defaultConfigurationIsVisible = 0;
			defaultConfigurationName = Release;
		};
		A600000000000003 /* Build configuration list for PBXNativeTarget "LookAway" */ = {
			isa = XCConfigurationList;
			buildConfigurations = (
				A800000000000003 /* Debug */,
				A800000000000004 /* Release */,
			);
			defaultConfigurationIsVisible = 0;
			defaultConfigurationName = Release;
		};
/* End XCConfigurationList section */
	};
	rootObject = A700000000000001 /* Project object */;
}
